<?xml version="1.0" encoding="utf-8"?>
<Project ToolsVersion="4.0" xmlns="http://schemas.microsoft.com/developer/msbuild/2003">
  <ItemGroup>
    <Filter Include="Source Files">
      <UniqueIdentifier>{4FC737F1-C7A5-4376-A066-2A32D752A2FF}</UniqueIdentifier>
      <Extensions>cpp;c;cc;cxx;def;odl;idl;hpj;bat;asm;asmx</Extensions>
    </Filter>
    <Filter Include="Header Files">
      <UniqueIdentifier>{93995380-89BD-4b04-88EB-625FBE52EBFB}</UniqueIdentifier>
      <Extensions>h;hpp;hxx;hm;inl;inc;xsd</Extensions>
    </Filter>
    <Filter Include="Resource Files">
      <UniqueIdentifier>{67DA6AB6-F800-4c08-8B7A-83BB121AAD01}</UniqueIdentifier>
      <Extensions>rc;ico;cur;bmp;dlg;rc2;rct;bin;rgs;gif;jpg;jpeg;jpe;resx;tiff;tif;png;wav;mfcribbon-ms</Extensions>
    </Filter>
  </ItemGroup>
  <ItemGroup>
    <ClCompile Include="con_ui.c">
      <Filter>Source Files</Filter>
    </ClCompile>
    <ClCompile Include="cu_memory.cpp">
      <Filter>Source Files</Filter>
    </ClCompile>
    <ClCompile Include="marching_cube_main.cpp">
      <Filter>Source Files</Filter>
    </ClCompile>
    <ClCompile Include="predicates.c">
      <Filter>Source Files</Filter>
    </ClCompile>
  </ItemGroup>
  <ItemGroup>
    <CudaCompile Include="cu_kinect_fusion_v1.cu" />
    <CudaCompile Include="cu_marching_cubes_v1.cu" />
  </ItemGroup>
  <ItemGroup>
    <ClInclude Include="cu_math_functions.h">
      <Filter>Header Files</Filter>
    </ClInclude>
    <ClInclude Include="cu_vector_functions.h">
      <Filter>Header Files</Filter>
    </ClInclude>
    <ClInclude Include="structure.h">
      <Filter>Header Files</Filter>
    </ClInclude>
    <ClInclude Include="cu_memory.hpp">
      <Filter>Header Files</Filter>
    </ClInclude>
    <ClInclude Include="common.h">
      <Filter>Header Files</Filter>
    </ClInclude>
    <ClInclude Include="con_ui.h">
      <Filter>Header Files</Filter>
    </ClInclude>
    <ClInclude Include="cu_device.h">
      <Filter>Header Files</Filter>
    </ClInclude>
    <ClInclude Include="cu_geometry_functions.h">
      <Filter>Header Files</Filter>
    </ClInclude>
    <ClInclude Include="cu_kinect_fusion_v1.h">
      <Filter>Header Files</Filter>
    </ClInclude>
    <ClInclude Include="cu_marching_cubes_v1.h">
      <Filter>Header Files</Filter>
    </ClInclude>
  </ItemGroup>
</Project>